
Microsoft Visual Studio Solution File, Format Version 12.00
# Visual Studio Version 17
VisualStudioVersion = 17.11.35222.181
MinimumVisualStudioVersion = 10.0.40219.1
Project("{FAE04EC0-301F-11D3-BF4B-00C04F79EFBC}") = "PE-InputParsing_Park", "PE-InputParsing_Park\PE-InputParsing_Park.csproj", "{B64B2173-48DB-41A3-A3A8-C32C1466641C}"
EndProject
Global
	GlobalSection(SolutionConfigurationPlatforms) = preSolution
		Debug|Any CPU = Debug|Any CPU
		Release|Any CPU = Release|Any CPU
	EndGlobalSection
	GlobalSection(ProjectConfigurationPlatforms) = postSolution
		{B64B2173-48DB-41A3-A3A8-C32C1466641C}.Debug|Any CPU.ActiveCfg = Debug|Any CPU
		{B64B2173-48DB-41A3-A3A8-C32C1466641C}.Debug|Any CPU.Build.0 = Debug|Any CPU
		{B64B2173-48DB-41A3-A3A8-C32C1466641C}.Release|Any CPU.ActiveCfg = Release|Any CPU
		{B64B2173-48DB-41A3-A3A8-C32C1466641C}.Release|Any CPU.Build.0 = Release|Any CPU
	EndGlobalSection
	GlobalSection(SolutionProperties) = preSolution
		HideSolutionNode = FALSE
	EndGlobalSection
	GlobalSection(ExtensibilityGlobals) = postSolution
		SolutionGuid = {7C664890-A114-4F78-BE18-C3216BC12260}
	EndGlobalSection
EndGlobal
