
Microsoft Visual Studio Solution File, Format Version 12.00
# Visual Studio Version 17
VisualStudioVersion = 17.11.35222.181
MinimumVisualStudioVersion = 10.0.40219.1
Project("{FAE04EC0-301F-11D3-BF4B-00C04F79EFBC}") = "PE-FileIOWithClasses_Park", "PE-FileIOWithClasses_Park\PE-FileIOWithClasses_Park.csproj", "{C462B3EE-097D-4025-8AD0-FCA218856F48}"
EndProject
Global
	GlobalSection(SolutionConfigurationPlatforms) = preSolution
		Debug|Any CPU = Debug|Any CPU
		Release|Any CPU = Release|Any CPU
	EndGlobalSection
	GlobalSection(ProjectConfigurationPlatforms) = postSolution
		{C462B3EE-097D-4025-8AD0-FCA218856F48}.Debug|Any CPU.ActiveCfg = Debug|Any CPU
		{C462B3EE-097D-4025-8AD0-FCA218856F48}.Debug|Any CPU.Build.0 = Debug|Any CPU
		{C462B3EE-097D-4025-8AD0-FCA218856F48}.Release|Any CPU.ActiveCfg = Release|Any CPU
		{C462B3EE-097D-4025-8AD0-FCA218856F48}.Release|Any CPU.Build.0 = Release|Any CPU
	EndGlobalSection
	GlobalSection(SolutionProperties) = preSolution
		HideSolutionNode = FALSE
	EndGlobalSection
	GlobalSection(ExtensibilityGlobals) = postSolution
		SolutionGuid = {47647518-1319-44D2-BCF1-3167FE7D1F8D}
	EndGlobalSection
EndGlobal
