
Microsoft Visual Studio Solution File, Format Version 12.00
# Visual Studio Version 17
VisualStudioVersion = 17.11.35312.102
MinimumVisualStudioVersion = 10.0.40219.1
Project("{FAE04EC0-301F-11D3-BF4B-00C04F79EFBC}") = "PE-CompoundConditionals_Park", "PE-CompoundConditionals_Park\PE-CompoundConditionals_Park.csproj", "{FEAA3BD5-F5E6-4ACA-9F13-6421BA249061}"
EndProject
Global
	GlobalSection(SolutionConfigurationPlatforms) = preSolution
		Debug|Any CPU = Debug|Any CPU
		Release|Any CPU = Release|Any CPU
	EndGlobalSection
	GlobalSection(ProjectConfigurationPlatforms) = postSolution
		{FEAA3BD5-F5E6-4ACA-9F13-6421BA249061}.Debug|Any CPU.ActiveCfg = Debug|Any CPU
		{FEAA3BD5-F5E6-4ACA-9F13-6421BA249061}.Debug|Any CPU.Build.0 = Debug|Any CPU
		{FEAA3BD5-F5E6-4ACA-9F13-6421BA249061}.Release|Any CPU.ActiveCfg = Release|Any CPU
		{FEAA3BD5-F5E6-4ACA-9F13-6421BA249061}.Release|Any CPU.Build.0 = Release|Any CPU
	EndGlobalSection
	GlobalSection(SolutionProperties) = preSolution
		HideSolutionNode = FALSE
	EndGlobalSection
	GlobalSection(ExtensibilityGlobals) = postSolution
		SolutionGuid = {4886B5BE-216E-42B4-9DB9-08124E3EED8C}
	EndGlobalSection
EndGlobal
