
Microsoft Visual Studio Solution File, Format Version 12.00
# Visual Studio Version 17
VisualStudioVersion = 17.11.35222.181
MinimumVisualStudioVersion = 10.0.40219.1
Project("{FAE04EC0-301F-11D3-BF4B-00C04F79EFBC}") = "PE-ArraysOfObjects", "PE-ArraysOfObjects\PE-ArraysOfObjects.csproj", "{A7B3CBE8-8B30-41EC-B668-CEF8D6D29041}"
EndProject
Global
	GlobalSection(SolutionConfigurationPlatforms) = preSolution
		Debug|Any CPU = Debug|Any CPU
		Release|Any CPU = Release|Any CPU
	EndGlobalSection
	GlobalSection(ProjectConfigurationPlatforms) = postSolution
		{A7B3CBE8-8B30-41EC-B668-CEF8D6D29041}.Debug|Any CPU.ActiveCfg = Debug|Any CPU
		{A7B3CBE8-8B30-41EC-B668-CEF8D6D29041}.Debug|Any CPU.Build.0 = Debug|Any CPU
		{A7B3CBE8-8B30-41EC-B668-CEF8D6D29041}.Release|Any CPU.ActiveCfg = Release|Any CPU
		{A7B3CBE8-8B30-41EC-B668-CEF8D6D29041}.Release|Any CPU.Build.0 = Release|Any CPU
	EndGlobalSection
	GlobalSection(SolutionProperties) = preSolution
		HideSolutionNode = FALSE
	EndGlobalSection
	GlobalSection(ExtensibilityGlobals) = postSolution
		SolutionGuid = {A5363A41-E643-4CA1-97A0-6285DC305A22}
	EndGlobalSection
EndGlobal
